
Microsoft Visual Studio Solution File, Format Version 12.00
# Visual Studio 15
VisualStudioVersion = 15.0.28307.1340
MinimumVisualStudioVersion = 10.0.40219.1
Project("{FAE04EC0-301F-11D3-BF4B-00C04F79EFBC}") = "BLL.SurveySystem", "BLL.SurveySystem\BLL.SurveySystem.csproj", "{F08FEC7F-233C-423A-BFDA-F532481EBBF4}"
EndProject
Project("{FAE04EC0-301F-11D3-BF4B-00C04F79EFBC}") = "Domain.SurveySystem", "Domain.SurveySystem\Domain.SurveySystem.csproj", "{9C862105-19F3-46B0-8A1F-F3072644219D}"
EndProject
Project("{FAE04EC0-301F-11D3-BF4B-00C04F79EFBC}") = "Web.SurveySystem", "Web.SurveySystem\Web.SurveySystem.csproj", "{9CA0E9D2-D47D-445C-84F3-D4A2037ABEB2}"
EndProject
Project("{FAE04EC0-301F-11D3-BF4B-00C04F79EFBC}") = "Console.SurveySystem", "Console.SurveySystem\Console.SurveySystem.csproj", "{BBCB4FFD-0B85-4FD9-9688-E6688AE9FFAB}"
EndProject
Global
	GlobalSection(SolutionConfigurationPlatforms) = preSolution
		Debug|Any CPU = Debug|Any CPU
		Release|Any CPU = Release|Any CPU
	EndGlobalSection
	GlobalSection(ProjectConfigurationPlatforms) = postSolution
		{F08FEC7F-233C-423A-BFDA-F532481EBBF4}.Debug|Any CPU.ActiveCfg = Debug|Any CPU
		{F08FEC7F-233C-423A-BFDA-F532481EBBF4}.Debug|Any CPU.Build.0 = Debug|Any CPU
		{F08FEC7F-233C-423A-BFDA-F532481EBBF4}.Release|Any CPU.ActiveCfg = Release|Any CPU
		{F08FEC7F-233C-423A-BFDA-F532481EBBF4}.Release|Any CPU.Build.0 = Release|Any CPU
		{9C862105-19F3-46B0-8A1F-F3072644219D}.Debug|Any CPU.ActiveCfg = Debug|Any CPU
		{9C862105-19F3-46B0-8A1F-F3072644219D}.Debug|Any CPU.Build.0 = Debug|Any CPU
		{9C862105-19F3-46B0-8A1F-F3072644219D}.Release|Any CPU.ActiveCfg = Release|Any CPU
		{9C862105-19F3-46B0-8A1F-F3072644219D}.Release|Any CPU.Build.0 = Release|Any CPU
		{9CA0E9D2-D47D-445C-84F3-D4A2037ABEB2}.Debug|Any CPU.ActiveCfg = Debug|Any CPU
		{9CA0E9D2-D47D-445C-84F3-D4A2037ABEB2}.Debug|Any CPU.Build.0 = Debug|Any CPU
		{9CA0E9D2-D47D-445C-84F3-D4A2037ABEB2}.Release|Any CPU.ActiveCfg = Release|Any CPU
		{9CA0E9D2-D47D-445C-84F3-D4A2037ABEB2}.Release|Any CPU.Build.0 = Release|Any CPU
		{BBCB4FFD-0B85-4FD9-9688-E6688AE9FFAB}.Debug|Any CPU.ActiveCfg = Debug|Any CPU
		{BBCB4FFD-0B85-4FD9-9688-E6688AE9FFAB}.Debug|Any CPU.Build.0 = Debug|Any CPU
		{BBCB4FFD-0B85-4FD9-9688-E6688AE9FFAB}.Release|Any CPU.ActiveCfg = Release|Any CPU
		{BBCB4FFD-0B85-4FD9-9688-E6688AE9FFAB}.Release|Any CPU.Build.0 = Release|Any CPU
	EndGlobalSection
	GlobalSection(SolutionProperties) = preSolution
		HideSolutionNode = FALSE
	EndGlobalSection
	GlobalSection(ExtensibilityGlobals) = postSolution
		SolutionGuid = {350B6DC0-CFFA-4CCA-865A-53BAB8D1B444}
	EndGlobalSection
EndGlobal
